
Microsoft Visual Studio Solution File, Format Version 12.00
# Visual Studio Version 16
VisualStudioVersion = 16.0.31624.102
MinimumVisualStudioVersion = 10.0.40219.1
Project("{E24C65DC-7377-472B-9ABA-BC803B73C61A}") = "VNUG.RequestManagement.Webresouces", "VNUG.RequestManagement.Webresouces\", "{2CE23C71-C968-4CB9-917D-B90F97721896}"
	ProjectSection(WebsiteProperties) = preProject
		TargetFrameworkMoniker = ".NETFramework,Version%3Dv4.0"
		Debug.AspNetCompiler.VirtualPath = "/localhost_54079"
		Debug.AspNetCompiler.PhysicalPath = "VNUG.RequestManagement.Webresouces\"
		Debug.AspNetCompiler.TargetPath = "PrecompiledWeb\localhost_54079\"
		Debug.AspNetCompiler.Updateable = "true"
		Debug.AspNetCompiler.ForceOverwrite = "true"
		Debug.AspNetCompiler.FixedNames = "false"
		Debug.AspNetCompiler.Debug = "True"
		Release.AspNetCompiler.VirtualPath = "/localhost_54079"
		Release.AspNetCompiler.PhysicalPath = "VNUG.RequestManagement.Webresouces\"
		Release.AspNetCompiler.TargetPath = "PrecompiledWeb\localhost_54079\"
		Release.AspNetCompiler.Updateable = "true"
		Release.AspNetCompiler.ForceOverwrite = "true"
		Release.AspNetCompiler.FixedNames = "false"
		Release.AspNetCompiler.Debug = "False"
		VWDPort = "54079"
		SlnRelativePath = "VNUG.RequestManagement.Webresouces\"
	EndProjectSection
EndProject
Project("{FAE04EC0-301F-11D3-BF4B-00C04F79EFBC}") = "VNUG.RequestManagement.Plugins", "VNUG.RequestManagement.Plugins\VNUG.RequestManagement.Plugins.csproj", "{02B6AFD8-EEFC-4054-A604-55BE64804AA3}"
EndProject
Global
	GlobalSection(SolutionConfigurationPlatforms) = preSolution
		Debug|Any CPU = Debug|Any CPU
		Release|Any CPU = Release|Any CPU
	EndGlobalSection
	GlobalSection(ProjectConfigurationPlatforms) = postSolution
		{2CE23C71-C968-4CB9-917D-B90F97721896}.Debug|Any CPU.ActiveCfg = Debug|Any CPU
		{2CE23C71-C968-4CB9-917D-B90F97721896}.Debug|Any CPU.Build.0 = Debug|Any CPU
		{2CE23C71-C968-4CB9-917D-B90F97721896}.Release|Any CPU.ActiveCfg = Debug|Any CPU
		{2CE23C71-C968-4CB9-917D-B90F97721896}.Release|Any CPU.Build.0 = Debug|Any CPU
		{02B6AFD8-EEFC-4054-A604-55BE64804AA3}.Debug|Any CPU.ActiveCfg = Debug|Any CPU
		{02B6AFD8-EEFC-4054-A604-55BE64804AA3}.Debug|Any CPU.Build.0 = Debug|Any CPU
		{02B6AFD8-EEFC-4054-A604-55BE64804AA3}.Release|Any CPU.ActiveCfg = Release|Any CPU
		{02B6AFD8-EEFC-4054-A604-55BE64804AA3}.Release|Any CPU.Build.0 = Release|Any CPU
	EndGlobalSection
	GlobalSection(SolutionProperties) = preSolution
		HideSolutionNode = FALSE
	EndGlobalSection
	GlobalSection(ExtensibilityGlobals) = postSolution
		SolutionGuid = {33C5ACBB-F99D-4713-81B2-507218CE9AFA}
	EndGlobalSection
EndGlobal
